
Microsoft Visual Studio Solution File, Format Version 12.00
# Visual Studio 15
VisualStudioVersion = 15.0.27703.2047
MinimumVisualStudioVersion = 10.0.40219.1
Project("{FAE04EC0-301F-11D3-BF4B-00C04F79EFBC}") = "ChineseJourney.Android", "ChineseJourney\ChineseJourney.Android\ChineseJourney.Android.csproj", "{E9DA0C25-A14B-43D6-89E4-B4842F5554EE}"
EndProject
Project("{FAE04EC0-301F-11D3-BF4B-00C04F79EFBC}") = "ChineseJourney.iOS", "ChineseJourney\ChineseJourney.iOS\ChineseJourney.iOS.csproj", "{1777253C-D13F-4AF9-8A4E-273A5A3AAB59}"
EndProject
Project("{9A19103F-16F7-4668-BE54-9A1E7A4F7556}") = "ChineseJourney", "ChineseJourney\ChineseJourney\ChineseJourney.csproj", "{D7D5BF24-897D-46C4-A4C9-51129CDD1B45}"
EndProject
Project("{9A19103F-16F7-4668-BE54-9A1E7A4F7556}") = "ZibaobaoLib", "ZibaobaoLib\ZibaobaoLib.csproj", "{CD9904CF-064B-4A70-9764-B09F04E85742}"
EndProject
Project("{D954291E-2A0B-460D-934E-DC6B0785DB48}") = "ZibaobaoLib.Shared", "ZibaobaoLib.Shared\ZibaobaoLib.Shared.shproj", "{AA19D94E-D488-4672-B0C4-C0B93DEE84BF}"
EndProject
Project("{FAE04EC0-301F-11D3-BF4B-00C04F79EFBC}") = "ChineseJourney.UWP", "ChineseJourney\ChineseJourney.UWP\ChineseJourney.UWP.csproj", "{4E83F02C-F1F4-4ED7-83EB-17B9B05E3D2D}"
EndProject
Project("{FAE04EC0-301F-11D3-BF4B-00C04F79EFBC}") = "ChineseJourneyCreator", "ChineseJourney\ChineseJourneyCreator\ChineseJourneyCreator.csproj", "{7F82D610-46C3-463F-8044-603901D47789}"
EndProject
Global
	GlobalSection(SharedMSBuildProjectFiles) = preSolution
		ZibaobaoLib.Shared\ZibaobaoLib.Shared.projitems*{1777253c-d13f-4af9-8a4e-273a5a3aab59}*SharedItemsImports = 4
		ZibaobaoLib.Shared\ZibaobaoLib.Shared.projitems*{4e83f02c-f1f4-4ed7-83eb-17b9b05e3d2d}*SharedItemsImports = 4
		ZibaobaoLib.Shared\ZibaobaoLib.Shared.projitems*{7f82d610-46c3-463f-8044-603901d47789}*SharedItemsImports = 4
		ZibaobaoLib.Shared\ZibaobaoLib.Shared.projitems*{aa19d94e-d488-4672-b0c4-c0b93dee84bf}*SharedItemsImports = 13
		ZibaobaoLib.Shared\ZibaobaoLib.Shared.projitems*{e9da0c25-a14b-43d6-89e4-b4842f5554ee}*SharedItemsImports = 4
	EndGlobalSection
	GlobalSection(SolutionConfigurationPlatforms) = preSolution
		Ad-Hoc|Any CPU = Ad-Hoc|Any CPU
		Ad-Hoc|ARM = Ad-Hoc|ARM
		Ad-Hoc|iPhone = Ad-Hoc|iPhone
		Ad-Hoc|iPhoneSimulator = Ad-Hoc|iPhoneSimulator
		Ad-Hoc|x64 = Ad-Hoc|x64
		Ad-Hoc|x86 = Ad-Hoc|x86
		AppStore|Any CPU = AppStore|Any CPU
		AppStore|ARM = AppStore|ARM
		AppStore|iPhone = AppStore|iPhone
		AppStore|iPhoneSimulator = AppStore|iPhoneSimulator
		AppStore|x64 = AppStore|x64
		AppStore|x86 = AppStore|x86
		Debug|Any CPU = Debug|Any CPU
		Debug|ARM = Debug|ARM
		Debug|iPhone = Debug|iPhone
		Debug|iPhoneSimulator = Debug|iPhoneSimulator
		Debug|x64 = Debug|x64
		Debug|x86 = Debug|x86
		Release|Any CPU = Release|Any CPU
		Release|ARM = Release|ARM
		Release|iPhone = Release|iPhone
		Release|iPhoneSimulator = Release|iPhoneSimulator
		Release|x64 = Release|x64
		Release|x86 = Release|x86
	EndGlobalSection
	GlobalSection(ProjectConfigurationPlatforms) = postSolution
		{E9DA0C25-A14B-43D6-89E4-B4842F5554EE}.Ad-Hoc|Any CPU.ActiveCfg = Release|Any CPU
		{E9DA0C25-A14B-43D6-89E4-B4842F5554EE}.Ad-Hoc|Any CPU.Build.0 = Release|Any CPU
		{E9DA0C25-A14B-43D6-89E4-B4842F5554EE}.Ad-Hoc|Any CPU.Deploy.0 = Release|Any CPU
		{E9DA0C25-A14B-43D6-89E4-B4842F5554EE}.Ad-Hoc|ARM.ActiveCfg = Release|Any CPU
		{E9DA0C25-A14B-43D6-89E4-B4842F5554EE}.Ad-Hoc|ARM.Build.0 = Release|Any CPU
		{E9DA0C25-A14B-43D6-89E4-B4842F5554EE}.Ad-Hoc|ARM.Deploy.0 = Release|Any CPU
		{E9DA0C25-A14B-43D6-89E4-B4842F5554EE}.Ad-Hoc|iPhone.ActiveCfg = Release|Any CPU
		{E9DA0C25-A14B-43D6-89E4-B4842F5554EE}.Ad-Hoc|iPhone.Build.0 = Release|Any CPU
		{E9DA0C25-A14B-43D6-89E4-B4842F5554EE}.Ad-Hoc|iPhone.Deploy.0 = Release|Any CPU
		{E9DA0C25-A14B-43D6-89E4-B4842F5554EE}.Ad-Hoc|iPhoneSimulator.ActiveCfg = Release|Any CPU
		{E9DA0C25-A14B-43D6-89E4-B4842F5554EE}.Ad-Hoc|iPhoneSimulator.Build.0 = Release|Any CPU
		{E9DA0C25-A14B-43D6-89E4-B4842F5554EE}.Ad-Hoc|iPhoneSimulator.Deploy.0 = Release|Any CPU
		{E9DA0C25-A14B-43D6-89E4-B4842F5554EE}.Ad-Hoc|x64.ActiveCfg = Release|Any CPU
		{E9DA0C25-A14B-43D6-89E4-B4842F5554EE}.Ad-Hoc|x64.Build.0 = Release|Any CPU
		{E9DA0C25-A14B-43D6-89E4-B4842F5554EE}.Ad-Hoc|x64.Deploy.0 = Release|Any CPU
		{E9DA0C25-A14B-43D6-89E4-B4842F5554EE}.Ad-Hoc|x86.ActiveCfg = Release|Any CPU
		{E9DA0C25-A14B-43D6-89E4-B4842F5554EE}.Ad-Hoc|x86.Build.0 = Release|Any CPU
		{E9DA0C25-A14B-43D6-89E4-B4842F5554EE}.Ad-Hoc|x86.Deploy.0 = Release|Any CPU
		{E9DA0C25-A14B-43D6-89E4-B4842F5554EE}.AppStore|Any CPU.ActiveCfg = Release|Any CPU
		{E9DA0C25-A14B-43D6-89E4-B4842F5554EE}.AppStore|Any CPU.Build.0 = Release|Any CPU
		{E9DA0C25-A14B-43D6-89E4-B4842F5554EE}.AppStore|Any CPU.Deploy.0 = Release|Any CPU
		{E9DA0C25-A14B-43D6-89E4-B4842F5554EE}.AppStore|ARM.ActiveCfg = Release|Any CPU
		{E9DA0C25-A14B-43D6-89E4-B4842F5554EE}.AppStore|ARM.Build.0 = Release|Any CPU
		{E9DA0C25-A14B-43D6-89E4-B4842F5554EE}.AppStore|ARM.Deploy.0 = Release|Any CPU
		{E9DA0C25-A14B-43D6-89E4-B4842F5554EE}.AppStore|iPhone.ActiveCfg = Release|Any CPU
		{E9DA0C25-A14B-43D6-89E4-B4842F5554EE}.AppStore|iPhone.Build.0 = Release|Any CPU
		{E9DA0C25-A14B-43D6-89E4-B4842F5554EE}.AppStore|iPhone.Deploy.0 = Release|Any CPU
		{E9DA0C25-A14B-43D6-89E4-B4842F5554EE}.AppStore|iPhoneSimulator.ActiveCfg = Release|Any CPU
		{E9DA0C25-A14B-43D6-89E4-B4842F5554EE}.AppStore|iPhoneSimulator.Build.0 = Release|Any CPU
		{E9DA0C25-A14B-43D6-89E4-B4842F5554EE}.AppStore|iPhoneSimulator.Deploy.0 = Release|Any CPU
		{E9DA0C25-A14B-43D6-89E4-B4842F5554EE}.AppStore|x64.ActiveCfg = Release|Any CPU
		{E9DA0C25-A14B-43D6-89E4-B4842F5554EE}.AppStore|x64.Build.0 = Release|Any CPU
		{E9DA0C25-A14B-43D6-89E4-B4842F5554EE}.AppStore|x64.Deploy.0 = Release|Any CPU
		{E9DA0C25-A14B-43D6-89E4-B4842F5554EE}.AppStore|x86.ActiveCfg = Release|Any CPU
		{E9DA0C25-A14B-43D6-89E4-B4842F5554EE}.AppStore|x86.Build.0 = Release|Any CPU
		{E9DA0C25-A14B-43D6-89E4-B4842F5554EE}.AppStore|x86.Deploy.0 = Release|Any CPU
		{E9DA0C25-A14B-43D6-89E4-B4842F5554EE}.Debug|Any CPU.ActiveCfg = Debug|Any CPU
		{E9DA0C25-A14B-43D6-89E4-B4842F5554EE}.Debug|Any CPU.Build.0 = Debug|Any CPU
		{E9DA0C25-A14B-43D6-89E4-B4842F5554EE}.Debug|Any CPU.Deploy.0 = Debug|Any CPU
		{E9DA0C25-A14B-43D6-89E4-B4842F5554EE}.Debug|ARM.ActiveCfg = Debug|Any CPU
		{E9DA0C25-A14B-43D6-89E4-B4842F5554EE}.Debug|ARM.Build.0 = Debug|Any CPU
		{E9DA0C25-A14B-43D6-89E4-B4842F5554EE}.Debug|ARM.Deploy.0 = Debug|Any CPU
		{E9DA0C25-A14B-43D6-89E4-B4842F5554EE}.Debug|iPhone.ActiveCfg = Debug|Any CPU
		{E9DA0C25-A14B-43D6-89E4-B4842F5554EE}.Debug|iPhone.Build.0 = Debug|Any CPU
		{E9DA0C25-A14B-43D6-89E4-B4842F5554EE}.Debug|iPhone.Deploy.0 = Debug|Any CPU
		{E9DA0C25-A14B-43D6-89E4-B4842F5554EE}.Debug|iPhoneSimulator.ActiveCfg = Debug|Any CPU
		{E9DA0C25-A14B-43D6-89E4-B4842F5554EE}.Debug|iPhoneSimulator.Build.0 = Debug|Any CPU
		{E9DA0C25-A14B-43D6-89E4-B4842F5554EE}.Debug|iPhoneSimulator.Deploy.0 = Debug|Any CPU
		{E9DA0C25-A14B-43D6-89E4-B4842F5554EE}.Debug|x64.ActiveCfg = Debug|Any CPU
		{E9DA0C25-A14B-43D6-89E4-B4842F5554EE}.Debug|x64.Build.0 = Debug|Any CPU
		{E9DA0C25-A14B-43D6-89E4-B4842F5554EE}.Debug|x64.Deploy.0 = Debug|Any CPU
		{E9DA0C25-A14B-43D6-89E4-B4842F5554EE}.Debug|x86.ActiveCfg = Debug|Any CPU
		{E9DA0C25-A14B-43D6-89E4-B4842F5554EE}.Debug|x86.Build.0 = Debug|Any CPU
		{E9DA0C25-A14B-43D6-89E4-B4842F5554EE}.Debug|x86.Deploy.0 = Debug|Any CPU
		{E9DA0C25-A14B-43D6-89E4-B4842F5554EE}.Release|Any CPU.ActiveCfg = Release|Any CPU
		{E9DA0C25-A14B-43D6-89E4-B4842F5554EE}.Release|Any CPU.Build.0 = Release|Any CPU
		{E9DA0C25-A14B-43D6-89E4-B4842F5554EE}.Release|Any CPU.Deploy.0 = Release|Any CPU
		{E9DA0C25-A14B-43D6-89E4-B4842F5554EE}.Release|ARM.ActiveCfg = Release|Any CPU
		{E9DA0C25-A14B-43D6-89E4-B4842F5554EE}.Release|ARM.Build.0 = Release|Any CPU
		{E9DA0C25-A14B-43D6-89E4-B4842F5554EE}.Release|ARM.Deploy.0 = Release|Any CPU
		{E9DA0C25-A14B-43D6-89E4-B4842F5554EE}.Release|iPhone.ActiveCfg = Release|Any CPU
		{E9DA0C25-A14B-43D6-89E4-B4842F5554EE}.Release|iPhone.Build.0 = Release|Any CPU
		{E9DA0C25-A14B-43D6-89E4-B4842F5554EE}.Release|iPhone.Deploy.0 = Release|Any CPU
		{E9DA0C25-A14B-43D6-89E4-B4842F5554EE}.Release|iPhoneSimulator.ActiveCfg = Release|Any CPU
		{E9DA0C25-A14B-43D6-89E4-B4842F5554EE}.Release|iPhoneSimulator.Build.0 = Release|Any CPU
		{E9DA0C25-A14B-43D6-89E4-B4842F5554EE}.Release|iPhoneSimulator.Deploy.0 = Release|Any CPU
		{E9DA0C25-A14B-43D6-89E4-B4842F5554EE}.Release|x64.ActiveCfg = Release|Any CPU
		{E9DA0C25-A14B-43D6-89E4-B4842F5554EE}.Release|x64.Build.0 = Release|Any CPU
		{E9DA0C25-A14B-43D6-89E4-B4842F5554EE}.Release|x64.Deploy.0 = Release|Any CPU
		{E9DA0C25-A14B-43D6-89E4-B4842F5554EE}.Release|x86.ActiveCfg = Release|Any CPU
		{E9DA0C25-A14B-43D6-89E4-B4842F5554EE}.Release|x86.Build.0 = Release|Any CPU
		{E9DA0C25-A14B-43D6-89E4-B4842F5554EE}.Release|x86.Deploy.0 = Release|Any CPU
		{1777253C-D13F-4AF9-8A4E-273A5A3AAB59}.Ad-Hoc|Any CPU.ActiveCfg = Ad-Hoc|iPhone
		{1777253C-D13F-4AF9-8A4E-273A5A3AAB59}.Ad-Hoc|Any CPU.Build.0 = Ad-Hoc|iPhone
		{1777253C-D13F-4AF9-8A4E-273A5A3AAB59}.Ad-Hoc|Any CPU.Deploy.0 = Ad-Hoc|iPhone
		{1777253C-D13F-4AF9-8A4E-273A5A3AAB59}.Ad-Hoc|ARM.ActiveCfg = Ad-Hoc|iPhone
		{1777253C-D13F-4AF9-8A4E-273A5A3AAB59}.Ad-Hoc|ARM.Build.0 = Ad-Hoc|iPhone
		{1777253C-D13F-4AF9-8A4E-273A5A3AAB59}.Ad-Hoc|ARM.Deploy.0 = Ad-Hoc|iPhone
		{1777253C-D13F-4AF9-8A4E-273A5A3AAB59}.Ad-Hoc|iPhone.ActiveCfg = Ad-Hoc|iPhone
		{1777253C-D13F-4AF9-8A4E-273A5A3AAB59}.Ad-Hoc|iPhone.Build.0 = Ad-Hoc|iPhone
		{1777253C-D13F-4AF9-8A4E-273A5A3AAB59}.Ad-Hoc|iPhone.Deploy.0 = Ad-Hoc|iPhone
		{1777253C-D13F-4AF9-8A4E-273A5A3AAB59}.Ad-Hoc|iPhoneSimulator.ActiveCfg = Ad-Hoc|iPhoneSimulator
		{1777253C-D13F-4AF9-8A4E-273A5A3AAB59}.Ad-Hoc|iPhoneSimulator.Build.0 = Ad-Hoc|iPhoneSimulator
		{1777253C-D13F-4AF9-8A4E-273A5A3AAB59}.Ad-Hoc|iPhoneSimulator.Deploy.0 = Ad-Hoc|iPhoneSimulator
		{1777253C-D13F-4AF9-8A4E-273A5A3AAB59}.Ad-Hoc|x64.ActiveCfg = Ad-Hoc|iPhone
		{1777253C-D13F-4AF9-8A4E-273A5A3AAB59}.Ad-Hoc|x64.Build.0 = Ad-Hoc|iPhone
		{1777253C-D13F-4AF9-8A4E-273A5A3AAB59}.Ad-Hoc|x64.Deploy.0 = Ad-Hoc|iPhone
		{1777253C-D13F-4AF9-8A4E-273A5A3AAB59}.Ad-Hoc|x86.ActiveCfg = Ad-Hoc|iPhone
		{1777253C-D13F-4AF9-8A4E-273A5A3AAB59}.Ad-Hoc|x86.Build.0 = Ad-Hoc|iPhone
		{1777253C-D13F-4AF9-8A4E-273A5A3AAB59}.Ad-Hoc|x86.Deploy.0 = Ad-Hoc|iPhone
		{1777253C-D13F-4AF9-8A4E-273A5A3AAB59}.AppStore|Any CPU.ActiveCfg = AppStore|iPhone
		{1777253C-D13F-4AF9-8A4E-273A5A3AAB59}.AppStore|Any CPU.Build.0 = AppStore|iPhone
		{1777253C-D13F-4AF9-8A4E-273A5A3AAB59}.AppStore|Any CPU.Deploy.0 = AppStore|iPhone
		{1777253C-D13F-4AF9-8A4E-273A5A3AAB59}.AppStore|ARM.ActiveCfg = AppStore|iPhone
		{1777253C-D13F-4AF9-8A4E-273A5A3AAB59}.AppStore|ARM.Build.0 = AppStore|iPhone
		{1777253C-D13F-4AF9-8A4E-273A5A3AAB59}.AppStore|ARM.Deploy.0 = AppStore|iPhone
		{1777253C-D13F-4AF9-8A4E-273A5A3AAB59}.AppStore|iPhone.ActiveCfg = AppStore|iPhone
		{1777253C-D13F-4AF9-8A4E-273A5A3AAB59}.AppStore|iPhone.Build.0 = AppStore|iPhone
		{1777253C-D13F-4AF9-8A4E-273A5A3AAB59}.AppStore|iPhone.Deploy.0 = AppStore|iPhone
		{1777253C-D13F-4AF9-8A4E-273A5A3AAB59}.AppStore|iPhoneSimulator.ActiveCfg = AppStore|iPhoneSimulator
		{1777253C-D13F-4AF9-8A4E-273A5A3AAB59}.AppStore|iPhoneSimulator.Build.0 = AppStore|iPhoneSimulator
		{1777253C-D13F-4AF9-8A4E-273A5A3AAB59}.AppStore|iPhoneSimulator.Deploy.0 = AppStore|iPhoneSimulator
		{1777253C-D13F-4AF9-8A4E-273A5A3AAB59}.AppStore|x64.ActiveCfg = AppStore|iPhone
		{1777253C-D13F-4AF9-8A4E-273A5A3AAB59}.AppStore|x64.Build.0 = AppStore|iPhone
		{1777253C-D13F-4AF9-8A4E-273A5A3AAB59}.AppStore|x64.Deploy.0 = AppStore|iPhone
		{1777253C-D13F-4AF9-8A4E-273A5A3AAB59}.AppStore|x86.ActiveCfg = AppStore|iPhone
		{1777253C-D13F-4AF9-8A4E-273A5A3AAB59}.AppStore|x86.Build.0 = AppStore|iPhone
		{1777253C-D13F-4AF9-8A4E-273A5A3AAB59}.AppStore|x86.Deploy.0 = AppStore|iPhone
		{1777253C-D13F-4AF9-8A4E-273A5A3AAB59}.Debug|Any CPU.ActiveCfg = Debug|iPhoneSimulator
		{1777253C-D13F-4AF9-8A4E-273A5A3AAB59}.Debug|Any CPU.Build.0 = Debug|iPhoneSimulator
		{1777253C-D13F-4AF9-8A4E-273A5A3AAB59}.Debug|Any CPU.Deploy.0 = Debug|iPhoneSimulator
		{1777253C-D13F-4AF9-8A4E-273A5A3AAB59}.Debug|ARM.ActiveCfg = Debug|iPhone
		{1777253C-D13F-4AF9-8A4E-273A5A3AAB59}.Debug|ARM.Build.0 = Debug|iPhone
		{1777253C-D13F-4AF9-8A4E-273A5A3AAB59}.Debug|ARM.Deploy.0 = Debug|iPhone
		{1777253C-D13F-4AF9-8A4E-273A5A3AAB59}.Debug|iPhone.ActiveCfg = Debug|iPhone
		{1777253C-D13F-4AF9-8A4E-273A5A3AAB59}.Debug|iPhone.Build.0 = Debug|iPhone
		{1777253C-D13F-4AF9-8A4E-273A5A3AAB59}.Debug|iPhone.Deploy.0 = Debug|iPhone
		{1777253C-D13F-4AF9-8A4E-273A5A3AAB59}.Debug|iPhoneSimulator.ActiveCfg = Debug|iPhoneSimulator
		{1777253C-D13F-4AF9-8A4E-273A5A3AAB59}.Debug|iPhoneSimulator.Build.0 = Debug|iPhoneSimulator
		{1777253C-D13F-4AF9-8A4E-273A5A3AAB59}.Debug|iPhoneSimulator.Deploy.0 = Debug|iPhoneSimulator
		{1777253C-D13F-4AF9-8A4E-273A5A3AAB59}.Debug|x64.ActiveCfg = Debug|iPhone
		{1777253C-D13F-4AF9-8A4E-273A5A3AAB59}.Debug|x64.Build.0 = Debug|iPhone
		{1777253C-D13F-4AF9-8A4E-273A5A3AAB59}.Debug|x64.Deploy.0 = Debug|iPhone
		{1777253C-D13F-4AF9-8A4E-273A5A3AAB59}.Debug|x86.ActiveCfg = Debug|iPhone
		{1777253C-D13F-4AF9-8A4E-273A5A3AAB59}.Debug|x86.Build.0 = Debug|iPhone
		{1777253C-D13F-4AF9-8A4E-273A5A3AAB59}.Debug|x86.Deploy.0 = Debug|iPhone
		{1777253C-D13F-4AF9-8A4E-273A5A3AAB59}.Release|Any CPU.ActiveCfg = Release|iPhone
		{1777253C-D13F-4AF9-8A4E-273A5A3AAB59}.Release|Any CPU.Build.0 = Release|iPhone
		{1777253C-D13F-4AF9-8A4E-273A5A3AAB59}.Release|Any CPU.Deploy.0 = Release|iPhone
		{1777253C-D13F-4AF9-8A4E-273A5A3AAB59}.Release|ARM.ActiveCfg = Release|iPhone
		{1777253C-D13F-4AF9-8A4E-273A5A3AAB59}.Release|ARM.Build.0 = Release|iPhone
		{1777253C-D13F-4AF9-8A4E-273A5A3AAB59}.Release|ARM.Deploy.0 = Release|iPhone
		{1777253C-D13F-4AF9-8A4E-273A5A3AAB59}.Release|iPhone.ActiveCfg = Release|iPhone
		{1777253C-D13F-4AF9-8A4E-273A5A3AAB59}.Release|iPhone.Build.0 = Release|iPhone
		{1777253C-D13F-4AF9-8A4E-273A5A3AAB59}.Release|iPhone.Deploy.0 = Release|iPhone
		{1777253C-D13F-4AF9-8A4E-273A5A3AAB59}.Release|iPhoneSimulator.ActiveCfg = Release|iPhoneSimulator
		{1777253C-D13F-4AF9-8A4E-273A5A3AAB59}.Release|iPhoneSimulator.Build.0 = Release|iPhoneSimulator
		{1777253C-D13F-4AF9-8A4E-273A5A3AAB59}.Release|iPhoneSimulator.Deploy.0 = Release|iPhoneSimulator
		{1777253C-D13F-4AF9-8A4E-273A5A3AAB59}.Release|x64.ActiveCfg = Release|iPhone
		{1777253C-D13F-4AF9-8A4E-273A5A3AAB59}.Release|x64.Build.0 = Release|iPhone
		{1777253C-D13F-4AF9-8A4E-273A5A3AAB59}.Release|x64.Deploy.0 = Release|iPhone
		{1777253C-D13F-4AF9-8A4E-273A5A3AAB59}.Release|x86.ActiveCfg = Release|iPhone
		{1777253C-D13F-4AF9-8A4E-273A5A3AAB59}.Release|x86.Build.0 = Release|iPhone
		{1777253C-D13F-4AF9-8A4E-273A5A3AAB59}.Release|x86.Deploy.0 = Release|iPhone
		{D7D5BF24-897D-46C4-A4C9-51129CDD1B45}.Ad-Hoc|Any CPU.ActiveCfg = Debug|Any CPU
		{D7D5BF24-897D-46C4-A4C9-51129CDD1B45}.Ad-Hoc|Any CPU.Build.0 = Debug|Any CPU
		{D7D5BF24-897D-46C4-A4C9-51129CDD1B45}.Ad-Hoc|Any CPU.Deploy.0 = Debug|Any CPU
		{D7D5BF24-897D-46C4-A4C9-51129CDD1B45}.Ad-Hoc|ARM.ActiveCfg = Debug|Any CPU
		{D7D5BF24-897D-46C4-A4C9-51129CDD1B45}.Ad-Hoc|ARM.Build.0 = Debug|Any CPU
		{D7D5BF24-897D-46C4-A4C9-51129CDD1B45}.Ad-Hoc|ARM.Deploy.0 = Debug|Any CPU
		{D7D5BF24-897D-46C4-A4C9-51129CDD1B45}.Ad-Hoc|iPhone.ActiveCfg = Debug|Any CPU
		{D7D5BF24-897D-46C4-A4C9-51129CDD1B45}.Ad-Hoc|iPhone.Build.0 = Debug|Any CPU
		{D7D5BF24-897D-46C4-A4C9-51129CDD1B45}.Ad-Hoc|iPhone.Deploy.0 = Debug|Any CPU
		{D7D5BF24-897D-46C4-A4C9-51129CDD1B45}.Ad-Hoc|iPhoneSimulator.ActiveCfg = Debug|Any CPU
		{D7D5BF24-897D-46C4-A4C9-51129CDD1B45}.Ad-Hoc|iPhoneSimulator.Build.0 = Debug|Any CPU
		{D7D5BF24-897D-46C4-A4C9-51129CDD1B45}.Ad-Hoc|iPhoneSimulator.Deploy.0 = Debug|Any CPU
		{D7D5BF24-897D-46C4-A4C9-51129CDD1B45}.Ad-Hoc|x64.ActiveCfg = Debug|Any CPU
		{D7D5BF24-897D-46C4-A4C9-51129CDD1B45}.Ad-Hoc|x64.Build.0 = Debug|Any CPU
		{D7D5BF24-897D-46C4-A4C9-51129CDD1B45}.Ad-Hoc|x64.Deploy.0 = Debug|Any CPU
		{D7D5BF24-897D-46C4-A4C9-51129CDD1B45}.Ad-Hoc|x86.ActiveCfg = Debug|Any CPU
		{D7D5BF24-897D-46C4-A4C9-51129CDD1B45}.Ad-Hoc|x86.Build.0 = Debug|Any CPU
		{D7D5BF24-897D-46C4-A4C9-51129CDD1B45}.Ad-Hoc|x86.Deploy.0 = Debug|Any CPU
		{D7D5BF24-897D-46C4-A4C9-51129CDD1B45}.AppStore|Any CPU.ActiveCfg = Debug|Any CPU
		{D7D5BF24-897D-46C4-A4C9-51129CDD1B45}.AppStore|Any CPU.Build.0 = Debug|Any CPU
		{D7D5BF24-897D-46C4-A4C9-51129CDD1B45}.AppStore|Any CPU.Deploy.0 = Debug|Any CPU
		{D7D5BF24-897D-46C4-A4C9-51129CDD1B45}.AppStore|ARM.ActiveCfg = Debug|Any CPU
		{D7D5BF24-897D-46C4-A4C9-51129CDD1B45}.AppStore|ARM.Build.0 = Debug|Any CPU
		{D7D5BF24-897D-46C4-A4C9-51129CDD1B45}.AppStore|ARM.Deploy.0 = Debug|Any CPU
		{D7D5BF24-897D-46C4-A4C9-51129CDD1B45}.AppStore|iPhone.ActiveCfg = Debug|Any CPU
		{D7D5BF24-897D-46C4-A4C9-51129CDD1B45}.AppStore|iPhone.Build.0 = Debug|Any CPU
		{D7D5BF24-897D-46C4-A4C9-51129CDD1B45}.AppStore|iPhone.Deploy.0 = Debug|Any CPU
		{D7D5BF24-897D-46C4-A4C9-51129CDD1B45}.AppStore|iPhoneSimulator.ActiveCfg = Debug|Any CPU
		{D7D5BF24-897D-46C4-A4C9-51129CDD1B45}.AppStore|iPhoneSimulator.Build.0 = Debug|Any CPU
		{D7D5BF24-897D-46C4-A4C9-51129CDD1B45}.AppStore|iPhoneSimulator.Deploy.0 = Debug|Any CPU
		{D7D5BF24-897D-46C4-A4C9-51129CDD1B45}.AppStore|x64.ActiveCfg = Debug|Any CPU
		{D7D5BF24-897D-46C4-A4C9-51129CDD1B45}.AppStore|x64.Build.0 = Debug|Any CPU
		{D7D5BF24-897D-46C4-A4C9-51129CDD1B45}.AppStore|x64.Deploy.0 = Debug|Any CPU
		{D7D5BF24-897D-46C4-A4C9-51129CDD1B45}.AppStore|x86.ActiveCfg = Debug|Any CPU
		{D7D5BF24-897D-46C4-A4C9-51129CDD1B45}.AppStore|x86.Build.0 = Debug|Any CPU
		{D7D5BF24-897D-46C4-A4C9-51129CDD1B45}.AppStore|x86.Deploy.0 = Debug|Any CPU
		{D7D5BF24-897D-46C4-A4C9-51129CDD1B45}.Debug|Any CPU.ActiveCfg = Debug|Any CPU
		{D7D5BF24-897D-46C4-A4C9-51129CDD1B45}.Debug|Any CPU.Build.0 = Debug|Any CPU
		{D7D5BF24-897D-46C4-A4C9-51129CDD1B45}.Debug|Any CPU.Deploy.0 = Debug|Any CPU
		{D7D5BF24-897D-46C4-A4C9-51129CDD1B45}.Debug|ARM.ActiveCfg = Debug|Any CPU
		{D7D5BF24-897D-46C4-A4C9-51129CDD1B45}.Debug|ARM.Build.0 = Debug|Any CPU
		{D7D5BF24-897D-46C4-A4C9-51129CDD1B45}.Debug|ARM.Deploy.0 = Debug|Any CPU
		{D7D5BF24-897D-46C4-A4C9-51129CDD1B45}.Debug|iPhone.ActiveCfg = Debug|Any CPU
		{D7D5BF24-897D-46C4-A4C9-51129CDD1B45}.Debug|iPhone.Build.0 = Debug|Any CPU
		{D7D5BF24-897D-46C4-A4C9-51129CDD1B45}.Debug|iPhone.Deploy.0 = Debug|Any CPU
		{D7D5BF24-897D-46C4-A4C9-51129CDD1B45}.Debug|iPhoneSimulator.ActiveCfg = Debug|Any CPU
		{D7D5BF24-897D-46C4-A4C9-51129CDD1B45}.Debug|iPhoneSimulator.Build.0 = Debug|Any CPU
		{D7D5BF24-897D-46C4-A4C9-51129CDD1B45}.Debug|iPhoneSimulator.Deploy.0 = Debug|Any CPU
		{D7D5BF24-897D-46C4-A4C9-51129CDD1B45}.Debug|x64.ActiveCfg = Debug|Any CPU
		{D7D5BF24-897D-46C4-A4C9-51129CDD1B45}.Debug|x64.Build.0 = Debug|Any CPU
		{D7D5BF24-897D-46C4-A4C9-51129CDD1B45}.Debug|x64.Deploy.0 = Debug|Any CPU
		{D7D5BF24-897D-46C4-A4C9-51129CDD1B45}.Debug|x86.ActiveCfg = Debug|Any CPU
		{D7D5BF24-897D-46C4-A4C9-51129CDD1B45}.Debug|x86.Build.0 = Debug|Any CPU
		{D7D5BF24-897D-46C4-A4C9-51129CDD1B45}.Debug|x86.Deploy.0 = Debug|Any CPU
		{D7D5BF24-897D-46C4-A4C9-51129CDD1B45}.Release|Any CPU.ActiveCfg = Release|Any CPU
		{D7D5BF24-897D-46C4-A4C9-51129CDD1B45}.Release|Any CPU.Build.0 = Release|Any CPU
		{D7D5BF24-897D-46C4-A4C9-51129CDD1B45}.Release|Any CPU.Deploy.0 = Release|Any CPU
		{D7D5BF24-897D-46C4-A4C9-51129CDD1B45}.Release|ARM.ActiveCfg = Release|Any CPU
		{D7D5BF24-897D-46C4-A4C9-51129CDD1B45}.Release|ARM.Build.0 = Release|Any CPU
		{D7D5BF24-897D-46C4-A4C9-51129CDD1B45}.Release|ARM.Deploy.0 = Release|Any CPU
		{D7D5BF24-897D-46C4-A4C9-51129CDD1B45}.Release|iPhone.ActiveCfg = Release|Any CPU
		{D7D5BF24-897D-46C4-A4C9-51129CDD1B45}.Release|iPhone.Build.0 = Release|Any CPU
		{D7D5BF24-897D-46C4-A4C9-51129CDD1B45}.Release|iPhone.Deploy.0 = Release|Any CPU
		{D7D5BF24-897D-46C4-A4C9-51129CDD1B45}.Release|iPhoneSimulator.ActiveCfg = Release|Any CPU
		{D7D5BF24-897D-46C4-A4C9-51129CDD1B45}.Release|iPhoneSimulator.Build.0 = Release|Any CPU
		{D7D5BF24-897D-46C4-A4C9-51129CDD1B45}.Release|iPhoneSimulator.Deploy.0 = Release|Any CPU
		{D7D5BF24-897D-46C4-A4C9-51129CDD1B45}.Release|x64.ActiveCfg = Release|Any CPU
		{D7D5BF24-897D-46C4-A4C9-51129CDD1B45}.Release|x64.Build.0 = Release|Any CPU
		{D7D5BF24-897D-46C4-A4C9-51129CDD1B45}.Release|x64.Deploy.0 = Release|Any CPU
		{D7D5BF24-897D-46C4-A4C9-51129CDD1B45}.Release|x86.ActiveCfg = Release|Any CPU
		{D7D5BF24-897D-46C4-A4C9-51129CDD1B45}.Release|x86.Build.0 = Release|Any CPU
		{D7D5BF24-897D-46C4-A4C9-51129CDD1B45}.Release|x86.Deploy.0 = Release|Any CPU
		{CD9904CF-064B-4A70-9764-B09F04E85742}.Ad-Hoc|Any CPU.ActiveCfg = Debug|Any CPU
		{CD9904CF-064B-4A70-9764-B09F04E85742}.Ad-Hoc|Any CPU.Build.0 = Debug|Any CPU
		{CD9904CF-064B-4A70-9764-B09F04E85742}.Ad-Hoc|ARM.ActiveCfg = Debug|Any CPU
		{CD9904CF-064B-4A70-9764-B09F04E85742}.Ad-Hoc|ARM.Build.0 = Debug|Any CPU
		{CD9904CF-064B-4A70-9764-B09F04E85742}.Ad-Hoc|iPhone.ActiveCfg = Debug|Any CPU
		{CD9904CF-064B-4A70-9764-B09F04E85742}.Ad-Hoc|iPhone.Build.0 = Debug|Any CPU
		{CD9904CF-064B-4A70-9764-B09F04E85742}.Ad-Hoc|iPhoneSimulator.ActiveCfg = Debug|Any CPU
		{CD9904CF-064B-4A70-9764-B09F04E85742}.Ad-Hoc|iPhoneSimulator.Build.0 = Debug|Any CPU
		{CD9904CF-064B-4A70-9764-B09F04E85742}.Ad-Hoc|x64.ActiveCfg = Debug|Any CPU
		{CD9904CF-064B-4A70-9764-B09F04E85742}.Ad-Hoc|x64.Build.0 = Debug|Any CPU
		{CD9904CF-064B-4A70-9764-B09F04E85742}.Ad-Hoc|x86.ActiveCfg = Debug|Any CPU
		{CD9904CF-064B-4A70-9764-B09F04E85742}.Ad-Hoc|x86.Build.0 = Debug|Any CPU
		{CD9904CF-064B-4A70-9764-B09F04E85742}.AppStore|Any CPU.ActiveCfg = Debug|Any CPU
		{CD9904CF-064B-4A70-9764-B09F04E85742}.AppStore|Any CPU.Build.0 = Debug|Any CPU
		{CD9904CF-064B-4A70-9764-B09F04E85742}.AppStore|ARM.ActiveCfg = Debug|Any CPU
		{CD9904CF-064B-4A70-9764-B09F04E85742}.AppStore|ARM.Build.0 = Debug|Any CPU
		{CD9904CF-064B-4A70-9764-B09F04E85742}.AppStore|iPhone.ActiveCfg = Debug|Any CPU
		{CD9904CF-064B-4A70-9764-B09F04E85742}.AppStore|iPhone.Build.0 = Debug|Any CPU
		{CD9904CF-064B-4A70-9764-B09F04E85742}.AppStore|iPhoneSimulator.ActiveCfg = Debug|Any CPU
		{CD9904CF-064B-4A70-9764-B09F04E85742}.AppStore|iPhoneSimulator.Build.0 = Debug|Any CPU
		{CD9904CF-064B-4A70-9764-B09F04E85742}.AppStore|x64.ActiveCfg = Debug|Any CPU
		{CD9904CF-064B-4A70-9764-B09F04E85742}.AppStore|x64.Build.0 = Debug|Any CPU
		{CD9904CF-064B-4A70-9764-B09F04E85742}.AppStore|x86.ActiveCfg = Debug|Any CPU
		{CD9904CF-064B-4A70-9764-B09F04E85742}.AppStore|x86.Build.0 = Debug|Any CPU
		{CD9904CF-064B-4A70-9764-B09F04E85742}.Debug|Any CPU.ActiveCfg = Debug|Any CPU
		{CD9904CF-064B-4A70-9764-B09F04E85742}.Debug|Any CPU.Build.0 = Debug|Any CPU
		{CD9904CF-064B-4A70-9764-B09F04E85742}.Debug|ARM.ActiveCfg = Debug|Any CPU
		{CD9904CF-064B-4A70-9764-B09F04E85742}.Debug|ARM.Build.0 = Debug|Any CPU
		{CD9904CF-064B-4A70-9764-B09F04E85742}.Debug|iPhone.ActiveCfg = Debug|Any CPU
		{CD9904CF-064B-4A70-9764-B09F04E85742}.Debug|iPhone.Build.0 = Debug|Any CPU
		{CD9904CF-064B-4A70-9764-B09F04E85742}.Debug|iPhoneSimulator.ActiveCfg = Debug|Any CPU
		{CD9904CF-064B-4A70-9764-B09F04E85742}.Debug|iPhoneSimulator.Build.0 = Debug|Any CPU
		{CD9904CF-064B-4A70-9764-B09F04E85742}.Debug|x64.ActiveCfg = Debug|Any CPU
		{CD9904CF-064B-4A70-9764-B09F04E85742}.Debug|x64.Build.0 = Debug|Any CPU
		{CD9904CF-064B-4A70-9764-B09F04E85742}.Debug|x86.ActiveCfg = Debug|Any CPU
		{CD9904CF-064B-4A70-9764-B09F04E85742}.Debug|x86.Build.0 = Debug|Any CPU
		{CD9904CF-064B-4A70-9764-B09F04E85742}.Release|Any CPU.ActiveCfg = Release|Any CPU
		{CD9904CF-064B-4A70-9764-B09F04E85742}.Release|Any CPU.Build.0 = Release|Any CPU
		{CD9904CF-064B-4A70-9764-B09F04E85742}.Release|ARM.ActiveCfg = Release|Any CPU
		{CD9904CF-064B-4A70-9764-B09F04E85742}.Release|ARM.Build.0 = Release|Any CPU
		{CD9904CF-064B-4A70-9764-B09F04E85742}.Release|iPhone.ActiveCfg = Release|Any CPU
		{CD9904CF-064B-4A70-9764-B09F04E85742}.Release|iPhone.Build.0 = Release|Any CPU
		{CD9904CF-064B-4A70-9764-B09F04E85742}.Release|iPhoneSimulator.ActiveCfg = Release|Any CPU
		{CD9904CF-064B-4A70-9764-B09F04E85742}.Release|iPhoneSimulator.Build.0 = Release|Any CPU
		{CD9904CF-064B-4A70-9764-B09F04E85742}.Release|x64.ActiveCfg = Release|Any CPU
		{CD9904CF-064B-4A70-9764-B09F04E85742}.Release|x64.Build.0 = Release|Any CPU
		{CD9904CF-064B-4A70-9764-B09F04E85742}.Release|x86.ActiveCfg = Release|Any CPU
		{CD9904CF-064B-4A70-9764-B09F04E85742}.Release|x86.Build.0 = Release|Any CPU
		{4E83F02C-F1F4-4ED7-83EB-17B9B05E3D2D}.Ad-Hoc|Any CPU.ActiveCfg = Release|x86
		{4E83F02C-F1F4-4ED7-83EB-17B9B05E3D2D}.Ad-Hoc|Any CPU.Build.0 = Release|x86
		{4E83F02C-F1F4-4ED7-83EB-17B9B05E3D2D}.Ad-Hoc|Any CPU.Deploy.0 = Release|x86
		{4E83F02C-F1F4-4ED7-83EB-17B9B05E3D2D}.Ad-Hoc|ARM.ActiveCfg = Release|ARM
		{4E83F02C-F1F4-4ED7-83EB-17B9B05E3D2D}.Ad-Hoc|ARM.Build.0 = Release|ARM
		{4E83F02C-F1F4-4ED7-83EB-17B9B05E3D2D}.Ad-Hoc|ARM.Deploy.0 = Release|ARM
		{4E83F02C-F1F4-4ED7-83EB-17B9B05E3D2D}.Ad-Hoc|iPhone.ActiveCfg = Release|x86
		{4E83F02C-F1F4-4ED7-83EB-17B9B05E3D2D}.Ad-Hoc|iPhone.Build.0 = Release|x86
		{4E83F02C-F1F4-4ED7-83EB-17B9B05E3D2D}.Ad-Hoc|iPhone.Deploy.0 = Release|x86
		{4E83F02C-F1F4-4ED7-83EB-17B9B05E3D2D}.Ad-Hoc|iPhoneSimulator.ActiveCfg = Release|x86
		{4E83F02C-F1F4-4ED7-83EB-17B9B05E3D2D}.Ad-Hoc|iPhoneSimulator.Build.0 = Release|x86
		{4E83F02C-F1F4-4ED7-83EB-17B9B05E3D2D}.Ad-Hoc|iPhoneSimulator.Deploy.0 = Release|x86
		{4E83F02C-F1F4-4ED7-83EB-17B9B05E3D2D}.Ad-Hoc|x64.ActiveCfg = Release|x64
		{4E83F02C-F1F4-4ED7-83EB-17B9B05E3D2D}.Ad-Hoc|x64.Build.0 = Release|x64
		{4E83F02C-F1F4-4ED7-83EB-17B9B05E3D2D}.Ad-Hoc|x64.Deploy.0 = Release|x64
		{4E83F02C-F1F4-4ED7-83EB-17B9B05E3D2D}.Ad-Hoc|x86.ActiveCfg = Release|x86
		{4E83F02C-F1F4-4ED7-83EB-17B9B05E3D2D}.Ad-Hoc|x86.Build.0 = Release|x86
		{4E83F02C-F1F4-4ED7-83EB-17B9B05E3D2D}.Ad-Hoc|x86.Deploy.0 = Release|x86
		{4E83F02C-F1F4-4ED7-83EB-17B9B05E3D2D}.AppStore|Any CPU.ActiveCfg = Release|x86
		{4E83F02C-F1F4-4ED7-83EB-17B9B05E3D2D}.AppStore|Any CPU.Build.0 = Release|x86
		{4E83F02C-F1F4-4ED7-83EB-17B9B05E3D2D}.AppStore|Any CPU.Deploy.0 = Release|x86
		{4E83F02C-F1F4-4ED7-83EB-17B9B05E3D2D}.AppStore|ARM.ActiveCfg = Release|ARM
		{4E83F02C-F1F4-4ED7-83EB-17B9B05E3D2D}.AppStore|ARM.Build.0 = Release|ARM
		{4E83F02C-F1F4-4ED7-83EB-17B9B05E3D2D}.AppStore|ARM.Deploy.0 = Release|ARM
		{4E83F02C-F1F4-4ED7-83EB-17B9B05E3D2D}.AppStore|iPhone.ActiveCfg = Release|x86
		{4E83F02C-F1F4-4ED7-83EB-17B9B05E3D2D}.AppStore|iPhone.Build.0 = Release|x86
		{4E83F02C-F1F4-4ED7-83EB-17B9B05E3D2D}.AppStore|iPhone.Deploy.0 = Release|x86
		{4E83F02C-F1F4-4ED7-83EB-17B9B05E3D2D}.AppStore|iPhoneSimulator.ActiveCfg = Release|x86
		{4E83F02C-F1F4-4ED7-83EB-17B9B05E3D2D}.AppStore|iPhoneSimulator.Build.0 = Release|x86
		{4E83F02C-F1F4-4ED7-83EB-17B9B05E3D2D}.AppStore|iPhoneSimulator.Deploy.0 = Release|x86
		{4E83F02C-F1F4-4ED7-83EB-17B9B05E3D2D}.AppStore|x64.ActiveCfg = Release|x64
		{4E83F02C-F1F4-4ED7-83EB-17B9B05E3D2D}.AppStore|x64.Build.0 = Release|x64
		{4E83F02C-F1F4-4ED7-83EB-17B9B05E3D2D}.AppStore|x64.Deploy.0 = Release|x64
		{4E83F02C-F1F4-4ED7-83EB-17B9B05E3D2D}.AppStore|x86.ActiveCfg = Release|x86
		{4E83F02C-F1F4-4ED7-83EB-17B9B05E3D2D}.AppStore|x86.Build.0 = Release|x86
		{4E83F02C-F1F4-4ED7-83EB-17B9B05E3D2D}.AppStore|x86.Deploy.0 = Release|x86
		{4E83F02C-F1F4-4ED7-83EB-17B9B05E3D2D}.Debug|Any CPU.ActiveCfg = Debug|x86
		{4E83F02C-F1F4-4ED7-83EB-17B9B05E3D2D}.Debug|Any CPU.Build.0 = Debug|x86
		{4E83F02C-F1F4-4ED7-83EB-17B9B05E3D2D}.Debug|Any CPU.Deploy.0 = Debug|x86
		{4E83F02C-F1F4-4ED7-83EB-17B9B05E3D2D}.Debug|ARM.ActiveCfg = Debug|ARM
		{4E83F02C-F1F4-4ED7-83EB-17B9B05E3D2D}.Debug|ARM.Build.0 = Debug|ARM
		{4E83F02C-F1F4-4ED7-83EB-17B9B05E3D2D}.Debug|ARM.Deploy.0 = Debug|ARM
		{4E83F02C-F1F4-4ED7-83EB-17B9B05E3D2D}.Debug|iPhone.ActiveCfg = Debug|x86
		{4E83F02C-F1F4-4ED7-83EB-17B9B05E3D2D}.Debug|iPhone.Build.0 = Debug|x86
		{4E83F02C-F1F4-4ED7-83EB-17B9B05E3D2D}.Debug|iPhone.Deploy.0 = Debug|x86
		{4E83F02C-F1F4-4ED7-83EB-17B9B05E3D2D}.Debug|iPhoneSimulator.ActiveCfg = Debug|x86
		{4E83F02C-F1F4-4ED7-83EB-17B9B05E3D2D}.Debug|iPhoneSimulator.Build.0 = Debug|x86
		{4E83F02C-F1F4-4ED7-83EB-17B9B05E3D2D}.Debug|iPhoneSimulator.Deploy.0 = Debug|x86
		{4E83F02C-F1F4-4ED7-83EB-17B9B05E3D2D}.Debug|x64.ActiveCfg = Debug|x64
		{4E83F02C-F1F4-4ED7-83EB-17B9B05E3D2D}.Debug|x64.Build.0 = Debug|x64
		{4E83F02C-F1F4-4ED7-83EB-17B9B05E3D2D}.Debug|x64.Deploy.0 = Debug|x64
		{4E83F02C-F1F4-4ED7-83EB-17B9B05E3D2D}.Debug|x86.ActiveCfg = Debug|x86
		{4E83F02C-F1F4-4ED7-83EB-17B9B05E3D2D}.Debug|x86.Build.0 = Debug|x86
		{4E83F02C-F1F4-4ED7-83EB-17B9B05E3D2D}.Debug|x86.Deploy.0 = Debug|x86
		{4E83F02C-F1F4-4ED7-83EB-17B9B05E3D2D}.Release|Any CPU.ActiveCfg = Release|x86
		{4E83F02C-F1F4-4ED7-83EB-17B9B05E3D2D}.Release|Any CPU.Build.0 = Release|x86
		{4E83F02C-F1F4-4ED7-83EB-17B9B05E3D2D}.Release|Any CPU.Deploy.0 = Release|x86
		{4E83F02C-F1F4-4ED7-83EB-17B9B05E3D2D}.Release|ARM.ActiveCfg = Release|ARM
		{4E83F02C-F1F4-4ED7-83EB-17B9B05E3D2D}.Release|ARM.Build.0 = Release|ARM
		{4E83F02C-F1F4-4ED7-83EB-17B9B05E3D2D}.Release|ARM.Deploy.0 = Release|ARM
		{4E83F02C-F1F4-4ED7-83EB-17B9B05E3D2D}.Release|iPhone.ActiveCfg = Release|x86
		{4E83F02C-F1F4-4ED7-83EB-17B9B05E3D2D}.Release|iPhone.Build.0 = Release|x86
		{4E83F02C-F1F4-4ED7-83EB-17B9B05E3D2D}.Release|iPhone.Deploy.0 = Release|x86
		{4E83F02C-F1F4-4ED7-83EB-17B9B05E3D2D}.Release|iPhoneSimulator.ActiveCfg = Release|x86
		{4E83F02C-F1F4-4ED7-83EB-17B9B05E3D2D}.Release|iPhoneSimulator.Build.0 = Release|x86
		{4E83F02C-F1F4-4ED7-83EB-17B9B05E3D2D}.Release|iPhoneSimulator.Deploy.0 = Release|x86
		{4E83F02C-F1F4-4ED7-83EB-17B9B05E3D2D}.Release|x64.ActiveCfg = Release|x64
		{4E83F02C-F1F4-4ED7-83EB-17B9B05E3D2D}.Release|x64.Build.0 = Release|x64
		{4E83F02C-F1F4-4ED7-83EB-17B9B05E3D2D}.Release|x64.Deploy.0 = Release|x64
		{4E83F02C-F1F4-4ED7-83EB-17B9B05E3D2D}.Release|x86.ActiveCfg = Release|x86
		{4E83F02C-F1F4-4ED7-83EB-17B9B05E3D2D}.Release|x86.Build.0 = Release|x86
		{4E83F02C-F1F4-4ED7-83EB-17B9B05E3D2D}.Release|x86.Deploy.0 = Release|x86
		{7F82D610-46C3-463F-8044-603901D47789}.Ad-Hoc|Any CPU.ActiveCfg = Release|Any CPU
		{7F82D610-46C3-463F-8044-603901D47789}.Ad-Hoc|Any CPU.Build.0 = Release|Any CPU
		{7F82D610-46C3-463F-8044-603901D47789}.Ad-Hoc|ARM.ActiveCfg = Release|Any CPU
		{7F82D610-46C3-463F-8044-603901D47789}.Ad-Hoc|ARM.Build.0 = Release|Any CPU
		{7F82D610-46C3-463F-8044-603901D47789}.Ad-Hoc|iPhone.ActiveCfg = Release|Any CPU
		{7F82D610-46C3-463F-8044-603901D47789}.Ad-Hoc|iPhone.Build.0 = Release|Any CPU
		{7F82D610-46C3-463F-8044-603901D47789}.Ad-Hoc|iPhoneSimulator.ActiveCfg = Release|Any CPU
		{7F82D610-46C3-463F-8044-603901D47789}.Ad-Hoc|iPhoneSimulator.Build.0 = Release|Any CPU
		{7F82D610-46C3-463F-8044-603901D47789}.Ad-Hoc|x64.ActiveCfg = Release|Any CPU
		{7F82D610-46C3-463F-8044-603901D47789}.Ad-Hoc|x64.Build.0 = Release|Any CPU
		{7F82D610-46C3-463F-8044-603901D47789}.Ad-Hoc|x86.ActiveCfg = Release|Any CPU
		{7F82D610-46C3-463F-8044-603901D47789}.Ad-Hoc|x86.Build.0 = Release|Any CPU
		{7F82D610-46C3-463F-8044-603901D47789}.AppStore|Any CPU.ActiveCfg = Release|Any CPU
		{7F82D610-46C3-463F-8044-603901D47789}.AppStore|Any CPU.Build.0 = Release|Any CPU
		{7F82D610-46C3-463F-8044-603901D47789}.AppStore|ARM.ActiveCfg = Release|Any CPU
		{7F82D610-46C3-463F-8044-603901D47789}.AppStore|ARM.Build.0 = Release|Any CPU
		{7F82D610-46C3-463F-8044-603901D47789}.AppStore|iPhone.ActiveCfg = Release|Any CPU
		{7F82D610-46C3-463F-8044-603901D47789}.AppStore|iPhone.Build.0 = Release|Any CPU
		{7F82D610-46C3-463F-8044-603901D47789}.AppStore|iPhoneSimulator.ActiveCfg = Release|Any CPU
		{7F82D610-46C3-463F-8044-603901D47789}.AppStore|iPhoneSimulator.Build.0 = Release|Any CPU
		{7F82D610-46C3-463F-8044-603901D47789}.AppStore|x64.ActiveCfg = Release|Any CPU
		{7F82D610-46C3-463F-8044-603901D47789}.AppStore|x64.Build.0 = Release|Any CPU
		{7F82D610-46C3-463F-8044-603901D47789}.AppStore|x86.ActiveCfg = Release|Any CPU
		{7F82D610-46C3-463F-8044-603901D47789}.AppStore|x86.Build.0 = Release|Any CPU
		{7F82D610-46C3-463F-8044-603901D47789}.Debug|Any CPU.ActiveCfg = Debug|Any CPU
		{7F82D610-46C3-463F-8044-603901D47789}.Debug|Any CPU.Build.0 = Debug|Any CPU
		{7F82D610-46C3-463F-8044-603901D47789}.Debug|ARM.ActiveCfg = Debug|Any CPU
		{7F82D610-46C3-463F-8044-603901D47789}.Debug|ARM.Build.0 = Debug|Any CPU
		{7F82D610-46C3-463F-8044-603901D47789}.Debug|iPhone.ActiveCfg = Debug|Any CPU
		{7F82D610-46C3-463F-8044-603901D47789}.Debug|iPhone.Build.0 = Debug|Any CPU
		{7F82D610-46C3-463F-8044-603901D47789}.Debug|iPhoneSimulator.ActiveCfg = Debug|Any CPU
		{7F82D610-46C3-463F-8044-603901D47789}.Debug|iPhoneSimulator.Build.0 = Debug|Any CPU
		{7F82D610-46C3-463F-8044-603901D47789}.Debug|x64.ActiveCfg = Debug|Any CPU
		{7F82D610-46C3-463F-8044-603901D47789}.Debug|x64.Build.0 = Debug|Any CPU
		{7F82D610-46C3-463F-8044-603901D47789}.Debug|x86.ActiveCfg = Debug|Any CPU
		{7F82D610-46C3-463F-8044-603901D47789}.Debug|x86.Build.0 = Debug|Any CPU
		{7F82D610-46C3-463F-8044-603901D47789}.Release|Any CPU.ActiveCfg = Release|Any CPU
		{7F82D610-46C3-463F-8044-603901D47789}.Release|Any CPU.Build.0 = Release|Any CPU
		{7F82D610-46C3-463F-8044-603901D47789}.Release|ARM.ActiveCfg = Release|Any CPU
		{7F82D610-46C3-463F-8044-603901D47789}.Release|ARM.Build.0 = Release|Any CPU
		{7F82D610-46C3-463F-8044-603901D47789}.Release|iPhone.ActiveCfg = Release|Any CPU
		{7F82D610-46C3-463F-8044-603901D47789}.Release|iPhone.Build.0 = Release|Any CPU
		{7F82D610-46C3-463F-8044-603901D47789}.Release|iPhoneSimulator.ActiveCfg = Release|Any CPU
		{7F82D610-46C3-463F-8044-603901D47789}.Release|iPhoneSimulator.Build.0 = Release|Any CPU
		{7F82D610-46C3-463F-8044-603901D47789}.Release|x64.ActiveCfg = Release|Any CPU
		{7F82D610-46C3-463F-8044-603901D47789}.Release|x64.Build.0 = Release|Any CPU
		{7F82D610-46C3-463F-8044-603901D47789}.Release|x86.ActiveCfg = Release|Any CPU
		{7F82D610-46C3-463F-8044-603901D47789}.Release|x86.Build.0 = Release|Any CPU
	EndGlobalSection
	GlobalSection(SolutionProperties) = preSolution
		HideSolutionNode = FALSE
	EndGlobalSection
	GlobalSection(ExtensibilityGlobals) = postSolution
		SolutionGuid = {79476BE2-9512-444E-B347-586AD4CE599E}
	EndGlobalSection
EndGlobal
